
Microsoft Visual Studio Solution File, Format Version 12.00
# Visual Studio Version 16
VisualStudioVersion = 16.0.31320.298
MinimumVisualStudioVersion = 10.0.40219.1
Project("{FAE04EC0-301F-11D3-BF4B-00C04F79EFBC}") = "FunctionApp1", "FunctionApp1\FunctionApp1.csproj", "{35E2BE2C-F9A5-4027-8EDA-29B0AE3FB1DA}"
EndProject
Global
	GlobalSection(SolutionConfigurationPlatforms) = preSolution
		Debug|Any CPU = Debug|Any CPU
		Release|Any CPU = Release|Any CPU
	EndGlobalSection
	GlobalSection(ProjectConfigurationPlatforms) = postSolution
		{35E2BE2C-F9A5-4027-8EDA-29B0AE3FB1DA}.Debug|Any CPU.ActiveCfg = Debug|Any CPU
		{35E2BE2C-F9A5-4027-8EDA-29B0AE3FB1DA}.Debug|Any CPU.Build.0 = Debug|Any CPU
		{35E2BE2C-F9A5-4027-8EDA-29B0AE3FB1DA}.Release|Any CPU.ActiveCfg = Release|Any CPU
		{35E2BE2C-F9A5-4027-8EDA-29B0AE3FB1DA}.Release|Any CPU.Build.0 = Release|Any CPU
	EndGlobalSection
	GlobalSection(SolutionProperties) = preSolution
		HideSolutionNode = FALSE
	EndGlobalSection
	GlobalSection(ExtensibilityGlobals) = postSolution
		SolutionGuid = {34CD73C3-9AC1-4CFA-BF6F-51B75D6119CC}
	EndGlobalSection
EndGlobal
